
Microsoft Visual Studio Solution File, Format Version 12.00
# Visual Studio Version 17
VisualStudioVersion = 17.7.34024.191
MinimumVisualStudioVersion = 10.0.40219.1
Project("{FAE04EC0-301F-11D3-BF4B-00C04F79EFBC}") = "DigitalExams", "DigitalExams\DigitalExams.csproj", "{F1C03B63-DF98-4BAF-86C8-5C96AE1775E6}"
EndProject
Global
	GlobalSection(SolutionConfigurationPlatforms) = preSolution
		Debug|Any CPU = Debug|Any CPU
		Release|Any CPU = Release|Any CPU
	EndGlobalSection
	GlobalSection(ProjectConfigurationPlatforms) = postSolution
		{F1C03B63-DF98-4BAF-86C8-5C96AE1775E6}.Debug|Any CPU.ActiveCfg = Debug|Any CPU
		{F1C03B63-DF98-4BAF-86C8-5C96AE1775E6}.Debug|Any CPU.Build.0 = Debug|Any CPU
		{F1C03B63-DF98-4BAF-86C8-5C96AE1775E6}.Release|Any CPU.ActiveCfg = Release|Any CPU
		{F1C03B63-DF98-4BAF-86C8-5C96AE1775E6}.Release|Any CPU.Build.0 = Release|Any CPU
	EndGlobalSection
	GlobalSection(SolutionProperties) = preSolution
		HideSolutionNode = FALSE
	EndGlobalSection
	GlobalSection(ExtensibilityGlobals) = postSolution
		SolutionGuid = {E0A157B4-1F8A-445E-92AD-DDF0A3BCF4CA}
	EndGlobalSection
EndGlobal
